
Microsoft Visual Studio Solution File, Format Version 12.00
# Visual Studio Version 17
VisualStudioVersion = 17.4.33103.184
MinimumVisualStudioVersion = 10.0.40219.1
Project("{FAE04EC0-301F-11D3-BF4B-00C04F79EFBC}") = "GenericListDemo", "GenericListDemo\GenericListDemo.csproj", "{7D5B7912-1516-43FB-9085-BD16268320ED}"
EndProject
Global
	GlobalSection(SolutionConfigurationPlatforms) = preSolution
		Debug|Any CPU = Debug|Any CPU
		Release|Any CPU = Release|Any CPU
	EndGlobalSection
	GlobalSection(ProjectConfigurationPlatforms) = postSolution
		{7D5B7912-1516-43FB-9085-BD16268320ED}.Debug|Any CPU.ActiveCfg = Debug|Any CPU
		{7D5B7912-1516-43FB-9085-BD16268320ED}.Debug|Any CPU.Build.0 = Debug|Any CPU
		{7D5B7912-1516-43FB-9085-BD16268320ED}.Release|Any CPU.ActiveCfg = Release|Any CPU
		{7D5B7912-1516-43FB-9085-BD16268320ED}.Release|Any CPU.Build.0 = Release|Any CPU
	EndGlobalSection
	GlobalSection(SolutionProperties) = preSolution
		HideSolutionNode = FALSE
	EndGlobalSection
	GlobalSection(ExtensibilityGlobals) = postSolution
		SolutionGuid = {A1515A82-8DF6-4E52-BD35-027E9B626C17}
	EndGlobalSection
EndGlobal
